
Microsoft Visual Studio Solution File, Format Version 12.00
# Visual Studio Version 17
VisualStudioVersion = 17.5.33424.131
MinimumVisualStudioVersion = 10.0.40219.1
Project("{FAE04EC0-301F-11D3-BF4B-00C04F79EFBC}") = "App.Salesforce.Cms", "App.Salesforce.Cms\App.Salesforce.Cms.csproj", "{06BBC46A-063B-4EC7-AFBD-041985E649F4}"
EndProject
Global
	GlobalSection(SolutionConfigurationPlatforms) = preSolution
		Debug|Any CPU = Debug|Any CPU
		Release|Any CPU = Release|Any CPU
	EndGlobalSection
	GlobalSection(ProjectConfigurationPlatforms) = postSolution
		{06BBC46A-063B-4EC7-AFBD-041985E649F4}.Debug|Any CPU.ActiveCfg = Debug|Any CPU
		{06BBC46A-063B-4EC7-AFBD-041985E649F4}.Debug|Any CPU.Build.0 = Debug|Any CPU
		{06BBC46A-063B-4EC7-AFBD-041985E649F4}.Release|Any CPU.ActiveCfg = Release|Any CPU
		{06BBC46A-063B-4EC7-AFBD-041985E649F4}.Release|Any CPU.Build.0 = Release|Any CPU
	EndGlobalSection
	GlobalSection(SolutionProperties) = preSolution
		HideSolutionNode = FALSE
	EndGlobalSection
	GlobalSection(ExtensibilityGlobals) = postSolution
		SolutionGuid = {6951C5E1-AFE6-4C70-B43E-A1DCC77371ED}
	EndGlobalSection
EndGlobal
